
Microsoft Visual Studio Solution File, Format Version 12.00
# Visual Studio Version 16
VisualStudioVersion = 16.0.31624.102
MinimumVisualStudioVersion = 10.0.40219.1
Project("{9A19103F-16F7-4668-BE54-9A1E7A4F7556}") = "KooreApi", "KooreApi\KooreApi.csproj", "{96040922-E5D2-4921-A7C9-5CC13D059094}"
EndProject
Project("{FAE04EC0-301F-11D3-BF4B-00C04F79EFBC}") = "TikTokAdsAPI", "..\tiktokapi\src\TikTokAdsAPI\TikTokAdsAPI.csproj", "{9C3473DC-FC3D-40C9-A2BA-E4C974959AF1}"
EndProject
Global
	GlobalSection(SolutionConfigurationPlatforms) = preSolution
		Debug|Any CPU = Debug|Any CPU
		Release|Any CPU = Release|Any CPU
	EndGlobalSection
	GlobalSection(ProjectConfigurationPlatforms) = postSolution
		{96040922-E5D2-4921-A7C9-5CC13D059094}.Debug|Any CPU.ActiveCfg = Debug|Any CPU
		{96040922-E5D2-4921-A7C9-5CC13D059094}.Debug|Any CPU.Build.0 = Debug|Any CPU
		{96040922-E5D2-4921-A7C9-5CC13D059094}.Release|Any CPU.ActiveCfg = Release|Any CPU
		{96040922-E5D2-4921-A7C9-5CC13D059094}.Release|Any CPU.Build.0 = Release|Any CPU
		{9C3473DC-FC3D-40C9-A2BA-E4C974959AF1}.Debug|Any CPU.ActiveCfg = Debug|Any CPU
		{9C3473DC-FC3D-40C9-A2BA-E4C974959AF1}.Debug|Any CPU.Build.0 = Debug|Any CPU
		{9C3473DC-FC3D-40C9-A2BA-E4C974959AF1}.Release|Any CPU.ActiveCfg = Release|Any CPU
		{9C3473DC-FC3D-40C9-A2BA-E4C974959AF1}.Release|Any CPU.Build.0 = Release|Any CPU
	EndGlobalSection
	GlobalSection(SolutionProperties) = preSolution
		HideSolutionNode = FALSE
	EndGlobalSection
	GlobalSection(ExtensibilityGlobals) = postSolution
		SolutionGuid = {1CD589CD-C5FA-4C40-A649-75121DC1015B}
	EndGlobalSection
EndGlobal
